
Microsoft Visual Studio Solution File, Format Version 12.00
# Visual Studio Version 16
VisualStudioVersion = 16.0.31025.194
MinimumVisualStudioVersion = 10.0.40219.1
Project("{9A19103F-16F7-4668-BE54-9A1E7A4F7556}") = "Excursion", "Excursion\Excursion.csproj", "{8380DD51-6936-47A9-A342-862D29FBBE23}"
EndProject
Global
	GlobalSection(SolutionConfigurationPlatforms) = preSolution
		Debug|Any CPU = Debug|Any CPU
		Release|Any CPU = Release|Any CPU
	EndGlobalSection
	GlobalSection(ProjectConfigurationPlatforms) = postSolution
		{8380DD51-6936-47A9-A342-862D29FBBE23}.Debug|Any CPU.ActiveCfg = Debug|Any CPU
		{8380DD51-6936-47A9-A342-862D29FBBE23}.Debug|Any CPU.Build.0 = Debug|Any CPU
		{8380DD51-6936-47A9-A342-862D29FBBE23}.Release|Any CPU.ActiveCfg = Release|Any CPU
		{8380DD51-6936-47A9-A342-862D29FBBE23}.Release|Any CPU.Build.0 = Release|Any CPU
	EndGlobalSection
	GlobalSection(SolutionProperties) = preSolution
		HideSolutionNode = FALSE
	EndGlobalSection
	GlobalSection(ExtensibilityGlobals) = postSolution
		SolutionGuid = {E6CC7D83-B41E-4EF7-BB05-897E66EBCC0C}
	EndGlobalSection
EndGlobal
